
Microsoft Visual Studio Solution File, Format Version 12.00
# Visual Studio Version 16
VisualStudioVersion = 16.0.32929.386
MinimumVisualStudioVersion = 10.0.40219.1
Project("{FAE04EC0-301F-11D3-BF4B-00C04F79EFBC}") = "ConsoleApp", "ConsoleApp\ConsoleApp.csproj", "{6F09C386-4244-487A-A4DF-4F823644B816}"
EndProject
Project("{FAE04EC0-301F-11D3-BF4B-00C04F79EFBC}") = "WpfApp", "WpfApp\WpfApp.csproj", "{E91B2741-7360-4C47-A201-5CCC5BEDB86C}"
EndProject
Global
	GlobalSection(SolutionConfigurationPlatforms) = preSolution
		Debug|Any CPU = Debug|Any CPU
		Release|Any CPU = Release|Any CPU
	EndGlobalSection
	GlobalSection(ProjectConfigurationPlatforms) = postSolution
		{6F09C386-4244-487A-A4DF-4F823644B816}.Debug|Any CPU.ActiveCfg = Debug|Any CPU
		{6F09C386-4244-487A-A4DF-4F823644B816}.Debug|Any CPU.Build.0 = Debug|Any CPU
		{6F09C386-4244-487A-A4DF-4F823644B816}.Release|Any CPU.ActiveCfg = Release|Any CPU
		{6F09C386-4244-487A-A4DF-4F823644B816}.Release|Any CPU.Build.0 = Release|Any CPU
		{E91B2741-7360-4C47-A201-5CCC5BEDB86C}.Debug|Any CPU.ActiveCfg = Debug|Any CPU
		{E91B2741-7360-4C47-A201-5CCC5BEDB86C}.Debug|Any CPU.Build.0 = Debug|Any CPU
		{E91B2741-7360-4C47-A201-5CCC5BEDB86C}.Release|Any CPU.ActiveCfg = Release|Any CPU
		{E91B2741-7360-4C47-A201-5CCC5BEDB86C}.Release|Any CPU.Build.0 = Release|Any CPU
	EndGlobalSection
	GlobalSection(SolutionProperties) = preSolution
		HideSolutionNode = FALSE
	EndGlobalSection
	GlobalSection(ExtensibilityGlobals) = postSolution
		SolutionGuid = {E799E6A8-F769-4A40-B172-A4C734940FCE}
	EndGlobalSection
EndGlobal
